// !$*UTF8*$!
{
 archiveVersion = 1;
 classes = {};
 objectVersion = 56;
 objects = {
  8C7F43D4D8BF6C7F716CC3E5 = { isa = PBXFileReference; lastKnownFileType = sourcecode.swift; path = "Oddly/CalculatorView.swift"; sourceTree = "<group>"; };
  7E0C88BEE4EF394A4E30A4C6 = { isa = PBXFileReference; lastKnownFileType = sourcecode.swift; path = "Oddly/CalculatorViewModel.swift"; sourceTree = "<group>"; };
  98367B5654ED76F2A325472F = { isa = PBXFileReference; lastKnownFileType = sourcecode.swift; path = "Oddly/Components.swift"; sourceTree = "<group>"; };
  666DE8DB4FD420FACDE6BCD0 = { isa = PBXFileReference; lastKnownFileType = sourcecode.swift; path = "Oddly/DiscoveryCelebration.swift"; sourceTree = "<group>"; };
  99803A7B8DAFFF69D297B86C = { isa = PBXFileReference; lastKnownFileType = sourcecode.swift; path = "Oddly/LibraryViews.swift"; sourceTree = "<group>"; };
  5F665D2C58543DBD90B56784 = { isa = PBXFileReference; lastKnownFileType = sourcecode.swift; path = "Oddly/OddlyApp.swift"; sourceTree = "<group>"; };
  4065440F543255F251255F81 = { isa = PBXFileReference; lastKnownFileType = sourcecode.swift; path = "OddlyUITests/OddlyUITests.swift"; sourceTree = "<group>"; };
  F0CCD25BCD769FF32F8BD0B5 = { isa = PBXFileReference; lastKnownFileType = folder.assetcatalog; path = "Oddly/Assets.xcassets"; sourceTree = "<group>"; };
  D26E3A23BB2096DFE2F3B509 = { isa = PBXFileReference; lastKnownFileType = text.xml; path = "Oddly/PrivacyInfo.xcprivacy"; sourceTree = "<group>"; };
  3358FDB3AD610F231A2C0501 = { isa = PBXFileReference; lastKnownFileType = text.plist.xml; path = "Oddly/Info.plist"; sourceTree = "<group>"; };
  A37F8599153093CE8A8C3663 = { isa = PBXFileReference; lastKnownFileType = text.xcconfig; path = "Oddly/Config.xcconfig"; sourceTree = "<group>"; };
  81F31879437340D5CD6ED968 = { isa = PBXFileReference; explicitFileType = wrapper.application; includeInIndex = 0; path = "Oddly.app"; sourceTree = BUILT_PRODUCTS_DIR; };
  70F09BF32F6D77A92FF191B4 = { isa = PBXFileReference; explicitFileType = wrapper.cfbundle; includeInIndex = 0; path = "OddlyUITests.xctest"; sourceTree = BUILT_PRODUCTS_DIR; };
  0A3E27B8CA818264D75C8D81 = { isa = PBXGroup; children = (81F31879437340D5CD6ED968, 70F09BF32F6D77A92FF191B4,); name = Products; sourceTree = "<group>"; };
  19F479106CE8C3BA8C106518 = { isa = PBXGroup; children = (8C7F43D4D8BF6C7F716CC3E5, 7E0C88BEE4EF394A4E30A4C6, 98367B5654ED76F2A325472F, 666DE8DB4FD420FACDE6BCD0, 99803A7B8DAFFF69D297B86C, 5F665D2C58543DBD90B56784, 4065440F543255F251255F81, F0CCD25BCD769FF32F8BD0B5, D26E3A23BB2096DFE2F3B509, 3358FDB3AD610F231A2C0501, A37F8599153093CE8A8C3663, 0A3E27B8CA818264D75C8D81,); sourceTree = "<group>"; };
  BC4A71180870F7945155FBB0 = { isa = XCLocalSwiftPackageReference; relativePath = "."; };
  ED3DC570B697046E1D6DC405 = { isa = XCSwiftPackageProductDependency; package = BC4A71180870F7945155FBB0; productName = CalculatorCore; };
  BBE189F87790362F4781096F = { isa = PBXBuildFile; productRef = ED3DC570B697046E1D6DC405; };
  A4A4F3314CBCE9E8CC188962 = { isa = PBXBuildFile; fileRef = 8C7F43D4D8BF6C7F716CC3E5; };
  881F6ABE2F955E7B943CFBC1 = { isa = PBXBuildFile; fileRef = 7E0C88BEE4EF394A4E30A4C6; };
  6F1BB42743A48510909BE9CC = { isa = PBXBuildFile; fileRef = 98367B5654ED76F2A325472F; };
  C2060EE557E1A6F40E308040 = { isa = PBXBuildFile; fileRef = 666DE8DB4FD420FACDE6BCD0; };
  87B849BC318627E6F358AC9B = { isa = PBXBuildFile; fileRef = 99803A7B8DAFFF69D297B86C; };
  DBB22CA063EF98C4BC4C0B39 = { isa = PBXBuildFile; fileRef = 5F665D2C58543DBD90B56784; };
  878A52FC5FF6A57D50B7B870 = { isa = PBXSourcesBuildPhase; buildActionMask = 2147483647; files = (A4A4F3314CBCE9E8CC188962, 881F6ABE2F955E7B943CFBC1, 6F1BB42743A48510909BE9CC, C2060EE557E1A6F40E308040, 87B849BC318627E6F358AC9B, DBB22CA063EF98C4BC4C0B39,); runOnlyForDeploymentPostprocessing = 0; };
  8DD63190373130EE1C685834 = { isa = PBXBuildFile; fileRef = F0CCD25BCD769FF32F8BD0B5; };
  019445769D967FB2DF264446 = { isa = PBXBuildFile; fileRef = D26E3A23BB2096DFE2F3B509; };
  41D311A605520FC7B8B9A980 = { isa = PBXResourcesBuildPhase; buildActionMask = 2147483647; files = (8DD63190373130EE1C685834, 019445769D967FB2DF264446,); runOnlyForDeploymentPostprocessing = 0; };
  E2AA269EB967A8853A258BFA = { isa = PBXFrameworksBuildPhase; buildActionMask = 2147483647; files = (BBE189F87790362F4781096F,); runOnlyForDeploymentPostprocessing = 0; };
  33BC22C419B644E572B5AEB0 = { isa = PBXBuildFile; fileRef = 4065440F543255F251255F81; };
  760DD443C1DF2461277A1FDF = { isa = PBXSourcesBuildPhase; buildActionMask = 2147483647; files = (33BC22C419B644E572B5AEB0,); runOnlyForDeploymentPostprocessing = 0; };
  5571A8135AC78D6956901922 = { isa = PBXFrameworksBuildPhase; buildActionMask = 2147483647; files = (); runOnlyForDeploymentPostprocessing = 0; };
  6E9F5BADA175FDA0A5AC8038 = { isa = PBXResourcesBuildPhase; buildActionMask = 2147483647; files = (); runOnlyForDeploymentPostprocessing = 0; };
  2B23A31EEC75B029432F2445 = { isa = XCBuildConfiguration; buildSettings = { CLANG_ENABLE_MODULES = YES; CLANG_ENABLE_OBJC_ARC = YES; SDKROOT = iphoneos; IPHONEOS_DEPLOYMENT_TARGET = 17.0; SWIFT_VERSION = 5.0; ENABLE_USER_SCRIPT_SANDBOXING = YES; GCC_WARN_UNDECLARED_SELECTOR = YES; CLANG_WARN_DOCUMENTATION_COMMENTS = YES; CLANG_WARN_QUOTED_INCLUDE_IN_FRAMEWORK_HEADER = YES; SWIFT_OPTIMIZATION_LEVEL = "-Onone"; DEBUG_INFORMATION_FORMAT = "dwarf"; ONLY_ACTIVE_ARCH = YES; SWIFT_ACTIVE_COMPILATION_CONDITIONS = "DEBUG $(inherited)"; ENABLE_TESTABILITY = YES; }; name = Debug; };
  07CA1E69F6068DEA30A4DA6B = { isa = XCBuildConfiguration; buildSettings = { CLANG_ENABLE_MODULES = YES; CLANG_ENABLE_OBJC_ARC = YES; SDKROOT = iphoneos; IPHONEOS_DEPLOYMENT_TARGET = 17.0; SWIFT_VERSION = 5.0; ENABLE_USER_SCRIPT_SANDBOXING = YES; GCC_WARN_UNDECLARED_SELECTOR = YES; CLANG_WARN_DOCUMENTATION_COMMENTS = YES; CLANG_WARN_QUOTED_INCLUDE_IN_FRAMEWORK_HEADER = YES; SWIFT_OPTIMIZATION_LEVEL = "-O"; DEBUG_INFORMATION_FORMAT = "dwarf-with-dsym"; ONLY_ACTIVE_ARCH = NO; SWIFT_COMPILATION_MODE = wholemodule; }; name = Release; };
  F905B102B4F13BD6617D8EB3 = { isa = XCConfigurationList; buildConfigurations = (2B23A31EEC75B029432F2445, 07CA1E69F6068DEA30A4DA6B,); defaultConfigurationIsVisible = 0; defaultConfigurationName = Release; };
  AA9B1D3BE1353EBD76471D11 = { isa = XCBuildConfiguration; buildSettings = { PRODUCT_NAME = "$(TARGET_NAME)"; INFOPLIST_FILE = "Oddly/Info.plist"; ASSETCATALOG_COMPILER_APPICON_NAME = AppIcon; GENERATE_INFOPLIST_FILE = NO; SUPPORTED_PLATFORMS = "iphoneos iphonesimulator"; SUPPORTS_MACCATALYST = NO; LD_RUNPATH_SEARCH_PATHS = "$(inherited) @executable_path/Frameworks"; SWIFT_OPTIMIZATION_LEVEL = "-Onone"; DEBUG_INFORMATION_FORMAT = "dwarf"; ONLY_ACTIVE_ARCH = YES; SWIFT_ACTIVE_COMPILATION_CONDITIONS = "DEBUG $(inherited)"; ENABLE_TESTABILITY = YES; }; name = Debug; baseConfigurationReference = A37F8599153093CE8A8C3663; };
  1E2E67F111F111E446D58E6C = { isa = XCBuildConfiguration; buildSettings = { PRODUCT_NAME = "$(TARGET_NAME)"; INFOPLIST_FILE = "Oddly/Info.plist"; ASSETCATALOG_COMPILER_APPICON_NAME = AppIcon; GENERATE_INFOPLIST_FILE = NO; SUPPORTED_PLATFORMS = "iphoneos iphonesimulator"; SUPPORTS_MACCATALYST = NO; LD_RUNPATH_SEARCH_PATHS = "$(inherited) @executable_path/Frameworks"; SWIFT_OPTIMIZATION_LEVEL = "-O"; DEBUG_INFORMATION_FORMAT = "dwarf-with-dsym"; ONLY_ACTIVE_ARCH = NO; SWIFT_COMPILATION_MODE = wholemodule; }; name = Release; baseConfigurationReference = A37F8599153093CE8A8C3663; };
  900621C63942CF97857E701F = { isa = XCConfigurationList; buildConfigurations = (AA9B1D3BE1353EBD76471D11, 1E2E67F111F111E446D58E6C,); defaultConfigurationIsVisible = 0; defaultConfigurationName = Release; };
  E34EE53A3E62A34779B371CD = { isa = XCBuildConfiguration; buildSettings = { PRODUCT_NAME = "$(TARGET_NAME)"; PRODUCT_BUNDLE_IDENTIFIER = "$(ODDLY_BUNDLE_IDENTIFIER).uitests"; GENERATE_INFOPLIST_FILE = YES; TEST_TARGET_NAME = Oddly; TARGETED_DEVICE_FAMILY = "1,2"; CODE_SIGN_STYLE = Automatic; SUPPORTED_PLATFORMS = "iphoneos iphonesimulator"; SWIFT_OPTIMIZATION_LEVEL = "-Onone"; DEBUG_INFORMATION_FORMAT = "dwarf"; ONLY_ACTIVE_ARCH = YES; SWIFT_ACTIVE_COMPILATION_CONDITIONS = "DEBUG $(inherited)"; ENABLE_TESTABILITY = YES; }; name = Debug; baseConfigurationReference = A37F8599153093CE8A8C3663; };
  E97F71539C04187DB94DC132 = { isa = XCBuildConfiguration; buildSettings = { PRODUCT_NAME = "$(TARGET_NAME)"; PRODUCT_BUNDLE_IDENTIFIER = "$(ODDLY_BUNDLE_IDENTIFIER).uitests"; GENERATE_INFOPLIST_FILE = YES; TEST_TARGET_NAME = Oddly; TARGETED_DEVICE_FAMILY = "1,2"; CODE_SIGN_STYLE = Automatic; SUPPORTED_PLATFORMS = "iphoneos iphonesimulator"; SWIFT_OPTIMIZATION_LEVEL = "-O"; DEBUG_INFORMATION_FORMAT = "dwarf-with-dsym"; ONLY_ACTIVE_ARCH = NO; SWIFT_COMPILATION_MODE = wholemodule; }; name = Release; baseConfigurationReference = A37F8599153093CE8A8C3663; };
  53831008AF94CB3E08F0279F = { isa = XCConfigurationList; buildConfigurations = (E34EE53A3E62A34779B371CD, E97F71539C04187DB94DC132,); defaultConfigurationIsVisible = 0; defaultConfigurationName = Release; };
  8C1A045E96B998B40533C7FF = { isa = PBXNativeTarget; buildConfigurationList = 900621C63942CF97857E701F; buildPhases = (878A52FC5FF6A57D50B7B870, E2AA269EB967A8853A258BFA, 41D311A605520FC7B8B9A980,); buildRules = (); dependencies = (); name = Oddly; packageProductDependencies = (ED3DC570B697046E1D6DC405,); productName = Oddly; productReference = 81F31879437340D5CD6ED968; productType = "com.apple.product-type.application"; };
  1241936D4DD3AAD68FE7BFBD = { isa = PBXContainerItemProxy; containerPortal = 244210E48437B6556980A702; proxyType = 1; remoteGlobalIDString = 8C1A045E96B998B40533C7FF; remoteInfo = Oddly; };
  F9A94CEF8CF7D85CE881E703 = { isa = PBXTargetDependency; target = 8C1A045E96B998B40533C7FF; targetProxy = 1241936D4DD3AAD68FE7BFBD; };
  2ADDEE89B29C55E11126D89F = { isa = PBXNativeTarget; buildConfigurationList = 53831008AF94CB3E08F0279F; buildPhases = (760DD443C1DF2461277A1FDF, 5571A8135AC78D6956901922, 6E9F5BADA175FDA0A5AC8038,); buildRules = (); dependencies = (F9A94CEF8CF7D85CE881E703,); name = OddlyUITests; productName = OddlyUITests; productReference = 70F09BF32F6D77A92FF191B4; productType = "com.apple.product-type.bundle.ui-testing"; };
  244210E48437B6556980A702 = { isa = PBXProject; attributes = { BuildIndependentTargetsInParallel = YES; LastUpgradeCheck = 2600; TargetAttributes = { 8C1A045E96B998B40533C7FF = { CreatedOnToolsVersion = 26.0; }; 2ADDEE89B29C55E11126D89F = { CreatedOnToolsVersion = 26.0; TestTargetID = 8C1A045E96B998B40533C7FF; }; }; }; buildConfigurationList = F905B102B4F13BD6617D8EB3; compatibilityVersion = "Xcode 14.0"; developmentRegion = en; hasScannedForEncodings = 0; knownRegions = (en, Base,); mainGroup = 19F479106CE8C3BA8C106518; productRefGroup = 0A3E27B8CA818264D75C8D81; packageReferences = (BC4A71180870F7945155FBB0,); projectDirPath = ""; projectRoot = ""; targets = (8C1A045E96B998B40533C7FF, 2ADDEE89B29C55E11126D89F,); };
 };
 rootObject = 244210E48437B6556980A702;
}
